
Microsoft Visual Studio Solution File, Format Version 12.00
# Visual Studio Version 16
VisualStudioVersion = 16.0.30204.135
MinimumVisualStudioVersion = 10.0.40219.1
Project("{9A19103F-16F7-4668-BE54-9A1E7A4F7556}") = "Segfy.Youtube.WebApi", "Segfy.Youtube.WebApi\Segfy.Youtube.WebApi.csproj", "{06AAAF65-59D3-4FFA-8C7E-241A52758559}"
EndProject
Project("{9A19103F-16F7-4668-BE54-9A1E7A4F7556}") = "Segfy.Youtube.Core", "Segfy.Youtube.Core\Segfy.Youtube.Core.csproj", "{FC61AA42-C575-453A-A297-54DE71034BF2}"
EndProject
Project("{FAE04EC0-301F-11D3-BF4B-00C04F79EFBC}") = "Segfy.Youtube.Tests", "Segfy.Youtube.Tests\Segfy.Youtube.Tests.csproj", "{F6AF6E62-42AE-485E-96D1-595A3370BA8E}"
EndProject
Global
	GlobalSection(SolutionConfigurationPlatforms) = preSolution
		Debug|Any CPU = Debug|Any CPU
		Release|Any CPU = Release|Any CPU
	EndGlobalSection
	GlobalSection(ProjectConfigurationPlatforms) = postSolution
		{06AAAF65-59D3-4FFA-8C7E-241A52758559}.Debug|Any CPU.ActiveCfg = Debug|Any CPU
		{06AAAF65-59D3-4FFA-8C7E-241A52758559}.Debug|Any CPU.Build.0 = Debug|Any CPU
		{06AAAF65-59D3-4FFA-8C7E-241A52758559}.Release|Any CPU.ActiveCfg = Release|Any CPU
		{06AAAF65-59D3-4FFA-8C7E-241A52758559}.Release|Any CPU.Build.0 = Release|Any CPU
		{FC61AA42-C575-453A-A297-54DE71034BF2}.Debug|Any CPU.ActiveCfg = Debug|Any CPU
		{FC61AA42-C575-453A-A297-54DE71034BF2}.Debug|Any CPU.Build.0 = Debug|Any CPU
		{FC61AA42-C575-453A-A297-54DE71034BF2}.Release|Any CPU.ActiveCfg = Release|Any CPU
		{FC61AA42-C575-453A-A297-54DE71034BF2}.Release|Any CPU.Build.0 = Release|Any CPU
		{F6AF6E62-42AE-485E-96D1-595A3370BA8E}.Debug|Any CPU.ActiveCfg = Debug|Any CPU
		{F6AF6E62-42AE-485E-96D1-595A3370BA8E}.Debug|Any CPU.Build.0 = Debug|Any CPU
		{F6AF6E62-42AE-485E-96D1-595A3370BA8E}.Release|Any CPU.ActiveCfg = Release|Any CPU
		{F6AF6E62-42AE-485E-96D1-595A3370BA8E}.Release|Any CPU.Build.0 = Release|Any CPU
	EndGlobalSection
	GlobalSection(SolutionProperties) = preSolution
		HideSolutionNode = FALSE
	EndGlobalSection
	GlobalSection(ExtensibilityGlobals) = postSolution
		SolutionGuid = {A884A5CB-D416-4B9E-B175-B80AB284A49E}
	EndGlobalSection
EndGlobal
